
Microsoft Visual Studio Solution File, Format Version 12.00
# Visual Studio Version 16
VisualStudioVersion = 16.0.28803.202
MinimumVisualStudioVersion = 10.0.40219.1
Project("{C9674DCB-5085-4A16-B785-4C70DD1589BD}") = "Integration Services Project8", "Integration Services Project8\Integration Services Project8.dtproj", "{3CBD0241-BDE0-4490-98A0-B9208DFECD7D}"
EndProject
Global
	GlobalSection(SolutionConfigurationPlatforms) = preSolution
		Azure|Default = Azure|Default
		Development|Default = Development|Default
	EndGlobalSection
	GlobalSection(ProjectConfigurationPlatforms) = postSolution
		{3CBD0241-BDE0-4490-98A0-B9208DFECD7D}.Azure|Default.ActiveCfg = Azure
		{3CBD0241-BDE0-4490-98A0-B9208DFECD7D}.Azure|Default.Build.0 = Azure
		{3CBD0241-BDE0-4490-98A0-B9208DFECD7D}.Development|Default.ActiveCfg = Development
		{3CBD0241-BDE0-4490-98A0-B9208DFECD7D}.Development|Default.Build.0 = Development
	EndGlobalSection
	GlobalSection(SolutionProperties) = preSolution
		HideSolutionNode = FALSE
	EndGlobalSection
	GlobalSection(ExtensibilityGlobals) = postSolution
		SolutionGuid = {2A0239BD-8DEF-495D-AEAB-E0915250FE98}
	EndGlobalSection
EndGlobal
